
Microsoft Visual Studio Solution File, Format Version 11.00
# Visual Studio 2010
Project("{FAE04EC0-301F-11D3-BF4B-00C04F79EFBC}") = "Assembly-CSharp", "Assembly-CSharp.csproj", "{904E96B2-08A0-166D-F37B-91818E4E19D5}"
EndProject
Project("{FAE04EC0-301F-11D3-BF4B-00C04F79EFBC}") = "Assembly-CSharp-Editor", "Assembly-CSharp-Editor.csproj", "{A88549A7-161D-6851-8E70-2A8E0D1A603E}"
EndProject
Project("{FAE04EC0-301F-11D3-BF4B-00C04F79EFBC}") = "Assembly-CSharp-Editor-firstpass", "Assembly-CSharp-Editor-firstpass.csproj", "{92AF1D43-7407-7884-5F1F-58DDAE428CBD}"
EndProject
Global
	GlobalSection(SolutionConfigurationPlatforms) = preSolution
		Debug|Any CPU = Debug|Any CPU
		Release|Any CPU = Release|Any CPU
	EndGlobalSection
	GlobalSection(ProjectConfigurationPlatforms) = postSolution
		{904E96B2-08A0-166D-F37B-91818E4E19D5}.Debug|Any CPU.ActiveCfg = Debug|Any CPU
		{904E96B2-08A0-166D-F37B-91818E4E19D5}.Debug|Any CPU.Build.0 = Debug|Any CPU
		{904E96B2-08A0-166D-F37B-91818E4E19D5}.Release|Any CPU.ActiveCfg = Release|Any CPU
		{904E96B2-08A0-166D-F37B-91818E4E19D5}.Release|Any CPU.Build.0 = Release|Any CPU
		{A88549A7-161D-6851-8E70-2A8E0D1A603E}.Debug|Any CPU.ActiveCfg = Debug|Any CPU
		{A88549A7-161D-6851-8E70-2A8E0D1A603E}.Debug|Any CPU.Build.0 = Debug|Any CPU
		{A88549A7-161D-6851-8E70-2A8E0D1A603E}.Release|Any CPU.ActiveCfg = Release|Any CPU
		{A88549A7-161D-6851-8E70-2A8E0D1A603E}.Release|Any CPU.Build.0 = Release|Any CPU
		{92AF1D43-7407-7884-5F1F-58DDAE428CBD}.Debug|Any CPU.ActiveCfg = Debug|Any CPU
		{92AF1D43-7407-7884-5F1F-58DDAE428CBD}.Debug|Any CPU.Build.0 = Debug|Any CPU
		{92AF1D43-7407-7884-5F1F-58DDAE428CBD}.Release|Any CPU.ActiveCfg = Release|Any CPU
		{92AF1D43-7407-7884-5F1F-58DDAE428CBD}.Release|Any CPU.Build.0 = Release|Any CPU
	EndGlobalSection
	GlobalSection(SolutionProperties) = preSolution
		HideSolutionNode = FALSE
	EndGlobalSection
EndGlobal
